
Microsoft Visual Studio Solution File, Format Version 12.00
# Visual Studio Version 17
VisualStudioVersion = 17.14.36301.6 d17.14
MinimumVisualStudioVersion = 10.0.40219.1
Project("{FAE04EC0-301F-11D3-BF4B-00C04F79EFBC}") = "PRELIM_LAB_1_31A3_JB_LOBRICO", "PRELIM_LAB_1_31A3_JB_LOBRICO\PRELIM_LAB_1_31A3_JB_LOBRICO.csproj", "{C8BB362C-C972-412F-8CFD-95CED2EC6C5E}"
EndProject
Global
	GlobalSection(SolutionConfigurationPlatforms) = preSolution
		Debug|Any CPU = Debug|Any CPU
		Release|Any CPU = Release|Any CPU
	EndGlobalSection
	GlobalSection(ProjectConfigurationPlatforms) = postSolution
		{C8BB362C-C972-412F-8CFD-95CED2EC6C5E}.Debug|Any CPU.ActiveCfg = Debug|Any CPU
		{C8BB362C-C972-412F-8CFD-95CED2EC6C5E}.Debug|Any CPU.Build.0 = Debug|Any CPU
		{C8BB362C-C972-412F-8CFD-95CED2EC6C5E}.Release|Any CPU.ActiveCfg = Release|Any CPU
		{C8BB362C-C972-412F-8CFD-95CED2EC6C5E}.Release|Any CPU.Build.0 = Release|Any CPU
	EndGlobalSection
	GlobalSection(SolutionProperties) = preSolution
		HideSolutionNode = FALSE
	EndGlobalSection
	GlobalSection(ExtensibilityGlobals) = postSolution
		SolutionGuid = {1B476472-7BA9-43A0-9E15-87158C59C23E}
	EndGlobalSection
EndGlobal
